
Microsoft Visual Studio Solution File, Format Version 12.00
# Visual Studio 2013
VisualStudioVersion = 12.0.31101.0
MinimumVisualStudioVersion = 10.0.40219.1
Project("{FAE04EC0-301F-11D3-BF4B-00C04F79EFBC}") = "System.Data.Unqlite.Contrib", "System.Data.Unqlite.Contrib\System.Data.Unqlite.Contrib.csproj", "{996663E8-9CFE-4FE0-A171-09327A085945}"
EndProject
Project("{FAE04EC0-301F-11D3-BF4B-00C04F79EFBC}") = "System.Data.Unqlite", "System.Data.Unqlite\System.Data.Unqlite\System.Data.Unqlite.csproj", "{52BBC9B6-FCE7-4DE0-AC2A-488921D26640}"
EndProject
Project("{FAE04EC0-301F-11D3-BF4B-00C04F79EFBC}") = "System.Data.Unqlite.Contrib.Tests.Unit", "System.Data.Unqlite.Contrib.Tests.Unit\System.Data.Unqlite.Contrib.Tests.Unit.csproj", "{F8C49651-0456-48EC-A67A-B0BD9DDB4A7C}"
EndProject
Project("{FAE04EC0-301F-11D3-BF4B-00C04F79EFBC}") = "System.Data.Unqlite.Contrib.Tests.Integration", "System.Data.Unqlite.Contrib.Tests.Integration\System.Data.Unqlite.Contrib.Tests.Integration.csproj", "{E21F89AE-6296-49D0-A742-F71D509D813E}"
EndProject
Project("{2150E333-8FDC-42A3-9474-1A3956D46DE8}") = "Tests", "Tests", "{C2F54042-8586-413F-96B2-8150BBDAF7F7}"
EndProject
Project("{2150E333-8FDC-42A3-9474-1A3956D46DE8}") = "Libraries", "Libraries", "{1DADD2A4-2237-4DEF-A8ED-F0FF2568E330}"
EndProject
Project("{2150E333-8FDC-42A3-9474-1A3956D46DE8}") = ".nuget", ".nuget", "{6878154A-C1BD-4A93-9DFE-70428244492E}"
	ProjectSection(SolutionItems) = preProject
		.nuget\NuGet.Config = .nuget\NuGet.Config
		.nuget\NuGet.exe = .nuget\NuGet.exe
		.nuget\NuGet.targets = .nuget\NuGet.targets
	EndProjectSection
EndProject
Project("{2150E333-8FDC-42A3-9474-1A3956D46DE8}") = "Solution Items", "Solution Items", "{9F64CDB1-85C3-452C-99D8-A95973881E3D}"
	ProjectSection(SolutionItems) = preProject
		LICENSE = LICENSE
		README.md = README.md
	EndProjectSection
EndProject
Global
	GlobalSection(SolutionConfigurationPlatforms) = preSolution
		Debug|Any CPU = Debug|Any CPU
		Debug|x86 = Debug|x86
		Release|Any CPU = Release|Any CPU
		Release|x86 = Release|x86
	EndGlobalSection
	GlobalSection(ProjectConfigurationPlatforms) = postSolution
		{996663E8-9CFE-4FE0-A171-09327A085945}.Debug|Any CPU.ActiveCfg = Debug|Any CPU
		{996663E8-9CFE-4FE0-A171-09327A085945}.Debug|Any CPU.Build.0 = Debug|Any CPU
		{996663E8-9CFE-4FE0-A171-09327A085945}.Debug|x86.ActiveCfg = Debug|x86
		{996663E8-9CFE-4FE0-A171-09327A085945}.Debug|x86.Build.0 = Debug|x86
		{996663E8-9CFE-4FE0-A171-09327A085945}.Release|Any CPU.ActiveCfg = Release|Any CPU
		{996663E8-9CFE-4FE0-A171-09327A085945}.Release|Any CPU.Build.0 = Release|Any CPU
		{996663E8-9CFE-4FE0-A171-09327A085945}.Release|x86.ActiveCfg = Release|x86
		{996663E8-9CFE-4FE0-A171-09327A085945}.Release|x86.Build.0 = Release|x86
		{52BBC9B6-FCE7-4DE0-AC2A-488921D26640}.Debug|Any CPU.ActiveCfg = Debug|Any CPU
		{52BBC9B6-FCE7-4DE0-AC2A-488921D26640}.Debug|Any CPU.Build.0 = Debug|Any CPU
		{52BBC9B6-FCE7-4DE0-AC2A-488921D26640}.Debug|x86.ActiveCfg = Debug|x86
		{52BBC9B6-FCE7-4DE0-AC2A-488921D26640}.Debug|x86.Build.0 = Debug|x86
		{52BBC9B6-FCE7-4DE0-AC2A-488921D26640}.Release|Any CPU.ActiveCfg = Release|Any CPU
		{52BBC9B6-FCE7-4DE0-AC2A-488921D26640}.Release|Any CPU.Build.0 = Release|Any CPU
		{52BBC9B6-FCE7-4DE0-AC2A-488921D26640}.Release|x86.ActiveCfg = Release|x86
		{52BBC9B6-FCE7-4DE0-AC2A-488921D26640}.Release|x86.Build.0 = Release|x86
		{F8C49651-0456-48EC-A67A-B0BD9DDB4A7C}.Debug|Any CPU.ActiveCfg = Debug|Any CPU
		{F8C49651-0456-48EC-A67A-B0BD9DDB4A7C}.Debug|Any CPU.Build.0 = Debug|Any CPU
		{F8C49651-0456-48EC-A67A-B0BD9DDB4A7C}.Debug|x86.ActiveCfg = Debug|x86
		{F8C49651-0456-48EC-A67A-B0BD9DDB4A7C}.Debug|x86.Build.0 = Debug|x86
		{F8C49651-0456-48EC-A67A-B0BD9DDB4A7C}.Release|Any CPU.ActiveCfg = Release|Any CPU
		{F8C49651-0456-48EC-A67A-B0BD9DDB4A7C}.Release|Any CPU.Build.0 = Release|Any CPU
		{F8C49651-0456-48EC-A67A-B0BD9DDB4A7C}.Release|x86.ActiveCfg = Release|x86
		{F8C49651-0456-48EC-A67A-B0BD9DDB4A7C}.Release|x86.Build.0 = Release|x86
		{E21F89AE-6296-49D0-A742-F71D509D813E}.Debug|Any CPU.ActiveCfg = Debug|Any CPU
		{E21F89AE-6296-49D0-A742-F71D509D813E}.Debug|Any CPU.Build.0 = Debug|Any CPU
		{E21F89AE-6296-49D0-A742-F71D509D813E}.Debug|x86.ActiveCfg = Debug|x86
		{E21F89AE-6296-49D0-A742-F71D509D813E}.Debug|x86.Build.0 = Debug|x86
		{E21F89AE-6296-49D0-A742-F71D509D813E}.Release|Any CPU.ActiveCfg = Release|Any CPU
		{E21F89AE-6296-49D0-A742-F71D509D813E}.Release|Any CPU.Build.0 = Release|Any CPU
		{E21F89AE-6296-49D0-A742-F71D509D813E}.Release|x86.ActiveCfg = Release|x86
		{E21F89AE-6296-49D0-A742-F71D509D813E}.Release|x86.Build.0 = Release|x86
	EndGlobalSection
	GlobalSection(SolutionProperties) = preSolution
		HideSolutionNode = FALSE
	EndGlobalSection
	GlobalSection(NestedProjects) = preSolution
		{52BBC9B6-FCE7-4DE0-AC2A-488921D26640} = {1DADD2A4-2237-4DEF-A8ED-F0FF2568E330}
		{F8C49651-0456-48EC-A67A-B0BD9DDB4A7C} = {C2F54042-8586-413F-96B2-8150BBDAF7F7}
		{E21F89AE-6296-49D0-A742-F71D509D813E} = {C2F54042-8586-413F-96B2-8150BBDAF7F7}
	EndGlobalSection
EndGlobal
